
Microsoft Visual Studio Solution File, Format Version 12.00
# Visual Studio 15
VisualStudioVersion = 15.0.28307.271
MinimumVisualStudioVersion = 10.0.40219.1
Project("{8BC9CEB8-8B4A-11D0-8D11-00A0C91BC942}") = "MultipleClientsServer", "MultipleClientsServer.vcxproj", "{800F1567-B23F-43CF-A2F2-20078ABC2B47}"
EndProject
Global
	GlobalSection(SolutionConfigurationPlatforms) = preSolution
		Debug|x64 = Debug|x64
		Debug|x86 = Debug|x86
		Release|x64 = Release|x64
		Release|x86 = Release|x86
	EndGlobalSection
	GlobalSection(ProjectConfigurationPlatforms) = postSolution
		{800F1567-B23F-43CF-A2F2-20078ABC2B47}.Debug|x64.ActiveCfg = Debug|x64
		{800F1567-B23F-43CF-A2F2-20078ABC2B47}.Debug|x64.Build.0 = Debug|x64
		{800F1567-B23F-43CF-A2F2-20078ABC2B47}.Debug|x86.ActiveCfg = Debug|Win32
		{800F1567-B23F-43CF-A2F2-20078ABC2B47}.Debug|x86.Build.0 = Debug|Win32
		{800F1567-B23F-43CF-A2F2-20078ABC2B47}.Release|x64.ActiveCfg = Release|x64
		{800F1567-B23F-43CF-A2F2-20078ABC2B47}.Release|x64.Build.0 = Release|x64
		{800F1567-B23F-43CF-A2F2-20078ABC2B47}.Release|x86.ActiveCfg = Release|Win32
		{800F1567-B23F-43CF-A2F2-20078ABC2B47}.Release|x86.Build.0 = Release|Win32
	EndGlobalSection
	GlobalSection(SolutionProperties) = preSolution
		HideSolutionNode = FALSE
	EndGlobalSection
	GlobalSection(ExtensibilityGlobals) = postSolution
		SolutionGuid = {63CCA616-8D31-45E5-B7F9-F25E439AD867}
	EndGlobalSection
EndGlobal
